# This file is autogenerated, do not edit; changes may be undone by the next 'dep ensure'.


[[projects]]
  digest = "1:ed77032e4241e3b8329c9304d66452ed196e795876e14be677a546f36b94e67a"
  name = "github.com/DataDog/zstd"
  packages = ["."]
  pruneopts = "UT"
  revision = "c7161f8c63c045cbc7ca051dcc969dd0e4054de2"
  version = "v1.3.5"

[[projects]]
  digest = "1:82a18170c9c41e36939cb5d26da1546b2cfa786aa030a978d3bf183519849230"
  name = "github.com/Shopify/sarama"
  packages = ["."]
  pruneopts = "UT"
  revision = "4602b5a8c6e826f9e0737865818dd43b2339a092"
  version = "v1.21.0"

[[projects]]
  digest = "1:740f0e477ddda011071f5e076ac9d38a0f6cee3ad3a924ab2acdd45b74a3c05c"
  name = "github.com/apex/log"
  packages = ["."]
  pruneopts = "UT"
  revision = "941dea75d3ebfbdd905a5d8b7b232965c5e5c684"
  version = "v1.1.0"

[[projects]]
  digest = "1:f79e923928ecb21464bdf2ece1718ef5aaa82aaa4e3ce12384bba313e63c194a"
  name = "github.com/astaxie/beego"
  packages = [
    "config",
    "logs",
  ]
  pruneopts = "UT"
  revision = "1b6edafc96ad27b6515fafeccd7339dda3e997b1"
  version = "v1.11.1"

[[projects]]
  digest = "1:8e9863c4e0ccf27cdc99a242af880cc0883084d37bdd6d140b76d1eef55f09c7"
  name = "github.com/coreos/etcd"
  packages = [
    "auth/authpb",
    "clientv3",
    "etcdserver/api/v3rpc/rpctypes",
    "etcdserver/etcdserverpb",
    "mvcc/mvccpb",
    "pkg/types",
  ]
  pruneopts = "UT"
  revision = "d57e8b8d97adfc4a6c224fe116714bf1a1f3beb9"
  version = "v3.3.12"

[[projects]]
  digest = "1:ffe9824d294da03b391f44e1ae8281281b4afc1bdaa9588c9097785e3af10cec"
  name = "github.com/davecgh/go-spew"
  packages = ["spew"]
  pruneopts = "UT"
  revision = "8991bc29aa16c548c550c7ff78260e27b9ab7c73"
  version = "v1.1.1"

[[projects]]
  digest = "1:1f0c7ab489b407a7f8f9ad16c25a504d28ab461517a971d341388a56156c1bd7"
  name = "github.com/eapache/go-resiliency"
  packages = ["breaker"]
  pruneopts = "UT"
  revision = "ea41b0fad31007accc7f806884dcdf3da98b79ce"
  version = "v1.1.0"

[[projects]]
  branch = "master"
  digest = "1:79f16588b5576b1b3cd90e48d2374cc9a1a8776862d28d8fd0f23b0e15534967"
  name = "github.com/eapache/go-xerial-snappy"
  packages = ["."]
  pruneopts = "UT"
  revision = "776d5712da21bc4762676d614db1d8a64f4238b0"

[[projects]]
  digest = "1:444b82bfe35c83bbcaf84e310fb81a1f9ece03edfed586483c869e2c046aef69"
  name = "github.com/eapache/queue"
  packages = ["."]
  pruneopts = "UT"
  revision = "44cc805cf13205b55f69e14bcb69867d1ae92f98"
  version = "v1.1.0"

[[projects]]
  digest = "1:3d3a3d38b5ba4934a07e047b3d7397841d8bb69eafdf482260db415290796b19"
  name = "github.com/gogo/protobuf"
  packages = [
    "gogoproto",
    "proto",
    "protoc-gen-gogo/descriptor",
  ]
  pruneopts = "UT"
  revision = "342cbe0a04158f6dcb03ca0079991a51a4248c02"
  version = "v0.5"

[[projects]]
  digest = "1:8f2df6167daef6f4d56d07f99bbcf4733117db0dedfd959995b9a679c52561f1"
  name = "github.com/golang/protobuf"
  packages = [
    "proto",
    "ptypes",
    "ptypes/any",
    "ptypes/duration",
    "ptypes/timestamp",
  ]
  pruneopts = "UT"
  revision = "1e59b77b52bf8e4b449a57e6f79f21226d571845"

[[projects]]
  digest = "1:e4f5819333ac698d294fe04dbf640f84719658d5c7ce195b10060cc37292ce79"
  name = "github.com/golang/snappy"
  packages = ["."]
  pruneopts = "UT"
  revision = "2a8bb927dd31d8daada140a5d09578521ce5c36a"
  version = "v0.0.1"

[[projects]]
  branch = "master"
  digest = "1:59392ed8afb901aab4287d4894df8191722e34f3957716f4350c8c133ce99046"
  name = "github.com/hpcloud/tail"
  packages = [
    ".",
    "ratelimiter",
    "util",
    "watch",
    "winfile",
  ]
  pruneopts = "UT"
  revision = "a1dbeea552b7c8df4b542c66073e393de198a800"

[[projects]]
  digest = "1:ff6b0586c0621a76832cf783eee58cbb9d9795d2ce8acbc199a4131db11c42a9"
  name = "github.com/iris-contrib/go.uuid"
  packages = ["."]
  pruneopts = "UT"
  revision = "36e9d2ebbde5e3f13ab2e25625fd453271d6522e"
  version = "v2.0.0"

[[projects]]
  digest = "1:f59b7f21c62c2638f155d39e31b3902ed29056e10a03138a98d6fab491f66779"
  name = "github.com/kataras/iris"
  packages = ["core/errors"]
  pruneopts = "UT"
  revision = "a0f29bd2f48611021667c199cff55c1e3ab46f81"
  version = "v11.1.1"

[[projects]]
  digest = "1:d4c88b5ad20151a96c1e5a55547a944b6af623aa315f69ee0d172b00f95d27fb"
  name = "github.com/pierrec/lz4"
  packages = [
    ".",
    "internal/xxh32",
  ]
  pruneopts = "UT"
  revision = "062282ea0dcff40c9fb8525789eef9644b1fbd6e"
  version = "v2.1.0"

[[projects]]
  digest = "1:cf31692c14422fa27c83a05292eb5cbe0fb2775972e8f1f8446a71549bd8980b"
  name = "github.com/pkg/errors"
  packages = ["."]
  pruneopts = "UT"
  revision = "ba968bfe8b2f7e042a574c888954fccecfa385b4"
  version = "v0.8.1"

[[projects]]
  branch = "master"
  digest = "1:d38f81081a389f1466ec98192cf9115a82158854d6f01e1c23e2e7554b97db71"
  name = "github.com/rcrowley/go-metrics"
  packages = ["."]
  pruneopts = "UT"
  revision = "3113b8401b8a98917cde58f8bbd42a1b1c03b1fd"

[[projects]]
  digest = "1:b8a8f8eb0e7855e11cc3ba2b7aa2c05ac379eb1634c02f838738465a517ac0c7"
  name = "golang.org/x/net"
  packages = [
    "context",
    "http2",
    "http2/hpack",
    "idna",
    "internal/timeseries",
    "lex/httplex",
    "trace",
  ]
  pruneopts = "UT"
  revision = "66aacef3dd8a676686c7ae3716979581e8b03c47"

[[projects]]
  branch = "master"
  digest = "1:5637b3b43405643229e55140bb3049dfa7d73957ba9ecfccc31cdadbfbe0b1f9"
  name = "golang.org/x/sys"
  packages = ["unix"]
  pruneopts = "UT"
  revision = "f49334f85ddcf0f08d7fb6dd7363e9e6d6b777eb"

[[projects]]
  digest = "1:a2ab62866c75542dd18d2b069fec854577a20211d7c0ea6ae746072a1dccdd18"
  name = "golang.org/x/text"
  packages = [
    "collate",
    "collate/build",
    "internal/colltab",
    "internal/gen",
    "internal/tag",
    "internal/triegen",
    "internal/ucd",
    "language",
    "secure/bidirule",
    "transform",
    "unicode/bidi",
    "unicode/cldr",
    "unicode/norm",
    "unicode/rangetable",
  ]
  pruneopts = "UT"
  revision = "f21a4dfb5e38f5895301dc265a8def02365cc3d0"
  version = "v0.3.0"

[[projects]]
  branch = "master"
  digest = "1:c3076e7defee87de1236f1814beb588f40a75544c60121e6eb38b3b3721783e2"
  name = "google.golang.org/genproto"
  packages = ["googleapis/rpc/status"]
  pruneopts = "UT"
  revision = "e79c0c59cdb5e117ef82a6f885294df3d74065d5"

[[projects]]
  digest = "1:45101b53b1b93d50e2464e3b164bfa72cc77229fb998cfcd029987006488c641"
  name = "google.golang.org/grpc"
  packages = [
    ".",
    "balancer",
    "codes",
    "connectivity",
    "credentials",
    "grpclb/grpc_lb_v1/messages",
    "grpclog",
    "health/grpc_health_v1",
    "internal",
    "keepalive",
    "metadata",
    "naming",
    "peer",
    "resolver",
    "stats",
    "status",
    "tap",
    "transport",
  ]
  pruneopts = "UT"
  revision = "5b3c4e850e90a4cf6a20ebd46c8b32a0a3afcb9e"
  version = "v1.7.5"

[[projects]]
  digest = "1:abeb38ade3f32a92943e5be54f55ed6d6e3b6602761d74b4aab4c9dd45c18abd"
  name = "gopkg.in/fsnotify/fsnotify.v1"
  packages = ["."]
  pruneopts = "UT"
  revision = "c2828203cd70a50dcccfb2761f8b1f8ceef9a8e9"
  version = "v1.4.7"

[[projects]]
  digest = "1:3c839a777de0e6da035c9de900b60cbec463b0a89351192c1ea083eaf9e0fce0"
  name = "gopkg.in/tomb.v1"
  packages = ["."]
  pruneopts = "UT"
  revision = "c131134a1947e9afd9cecfe11f4c6dff0732ae58"

[solve-meta]
  analyzer-name = "dep"
  analyzer-version = 1
  input-imports = [
    "github.com/Shopify/sarama",
    "github.com/apex/log",
    "github.com/astaxie/beego/config",
    "github.com/astaxie/beego/logs",
    "github.com/coreos/etcd/clientv3",
    "github.com/hpcloud/tail",
    "github.com/kataras/iris/core/errors",
  ]
  solver-name = "gps-cdcl"
  solver-version = 1
